<?xml version="1.0" encoding="utf-8"?>
<Project ToolsVersion="4.0" xmlns="http://schemas.microsoft.com/developer/msbuild/2003">
  <ItemGroup>
    <Filter Include="Source Files">
      <UniqueIdentifier>{e5f66b9d-93ba-4be8-ae32-7dc7c1c96467}</UniqueIdentifier>
      <Extensions>cpp;c;cxx;def;odl;idl;hpj;bat;asm</Extensions>
    </Filter>
    <Filter Include="Header Files">
      <UniqueIdentifier>{7f19e8b3-cecb-422c-8422-d8f371f5aad5}</UniqueIdentifier>
      <Extensions>h;hpp;hxx;hm;inl;inc</Extensions>
    </Filter>
    <Filter Include="Resource Files">
      <UniqueIdentifier>{adce4b6a-dffb-436d-996a-9e906e08d59d}</UniqueIdentifier>
      <Extensions>rc;ico;cur;bmp;dlg;rc2;rct;bin;rgs;jpg;jpeg;jpe;manifest</Extensions>
    </Filter>
  </ItemGroup>
  <ItemGroup>
    <ClCompile Include="stdafx.cpp">
      <Filter>Source Files</Filter>
    </ClCompile>
    <ClCompile Include="WinPdfParserTest.cpp">
      <Filter>Source Files</Filter>
    </ClCompile>
    <ClCompile Include="Source\PDFLInitCommon.c">
      <Filter>Source Files</Filter>
    </ClCompile>
    <ClCompile Include="Source\PDFLInitHFT.c">
      <Filter>Source Files</Filter>
    </ClCompile>
    <ClCompile Include="GeoPdfColorFinder.cpp">
      <Filter>Source Files</Filter>
    </ClCompile>
    <ClCompile Include="GeoPdfParserUtilities.cpp">
      <Filter>Source Files</Filter>
    </ClCompile>
  </ItemGroup>
  <ItemGroup>
    <ClInclude Include="stdafx.h">
      <Filter>Header Files</Filter>
    </ClInclude>
    <ClInclude Include="MainDlg.h">
      <Filter>Header Files</Filter>
    </ClInclude>
    <ClInclude Include="resource.h">
      <Filter>Header Files</Filter>
    </ClInclude>
  </ItemGroup>
  <ItemGroup>
    <ResourceCompile Include="WinPdfParserTest.rc">
      <Filter>Resource Files</Filter>
    </ResourceCompile>
  </ItemGroup>
  <ItemGroup>
    <Image Include="res\WinPdfParserTest.ico">
      <Filter>Resource Files</Filter>
    </Image>
    <Image Include="res\Dthought-Creative-Sense-2-Adobe-Acrobat-Professional.ico">
      <Filter>Resource Files</Filter>
    </Image>
  </ItemGroup>
</Project>