
Microsoft Visual Studio Solution File, Format Version 12.00
# Visual Studio 2012
Project("{8BC9CEB8-8B4A-11D0-8D11-00A0C91BC942}") = "WinPdfParserTest", "WinPdfParserTest\WinPdfParserTest.vcxproj", "{FF380780-7737-46A2-AAAF-0339E30A2556}"
EndProject
Global
	GlobalSection(SolutionConfigurationPlatforms) = preSolution
		Debug|Win32 = Debug|Win32
		Release|Win32 = Release|Win32
	EndGlobalSection
	GlobalSection(ProjectConfigurationPlatforms) = postSolution
		{FF380780-7737-46A2-AAAF-0339E30A2556}.Debug|Win32.ActiveCfg = Debug|Win32
		{FF380780-7737-46A2-AAAF-0339E30A2556}.Debug|Win32.Build.0 = Debug|Win32
		{FF380780-7737-46A2-AAAF-0339E30A2556}.Release|Win32.ActiveCfg = Release|Win32
		{FF380780-7737-46A2-AAAF-0339E30A2556}.Release|Win32.Build.0 = Release|Win32
	EndGlobalSection
	GlobalSection(SolutionProperties) = preSolution
		HideSolutionNode = FALSE
	EndGlobalSection
EndGlobal
